%{"elixir_nsq": {:git, "https://github.com/wistia/elixir_nsq.git", "676b746672fc800272e07a4ca4a725b5d58c46b3", []},
  "httpotion": {:hex, :httpotion, "2.1.0", "3fe84fbd13d4560c2514da656d022b1191a079178ee4992d245fc3c33c01ee18", [:mix], []},
  "ibrowse": {:git, "https://github.com/cmullaparthi/ibrowse.git", "ea3305d21f37eced4fac290f64b068e56df7de80", [tag: "v4.1.2"]},
  "poison": {:hex, :poison, "1.5.2", "560bdfb7449e3ddd23a096929fb9fc2122f709bcc758b2d5d5a5c7d0ea848910", [:mix], []},
  "socket": {:hex, :socket, "0.3.5", "6c23772e7eda60f129f36dd69a61930aab18ae9b8d74d7f767c85355cf0b585d", [:mix], []},
  "uuid": {:hex, :uuid, "1.1.5", "96cb36d86ee82f912efea4d50464a5df606bf3f1163d6bdbb302d98474969369", [:mix], []}}
